
Microsoft Visual Studio Solution File, Format Version 12.00
# Visual Studio Version 17
VisualStudioVersion = 17.3.32901.215
MinimumVisualStudioVersion = 10.0.40219.1
Project("{FAE04EC0-301F-11D3-BF4B-00C04F79EFBC}") = "Kurgasov01", "Kurgasov01.csproj", "{9E55FA8E-8D1C-4D02-BC6C-1DEAC51E1267}"
EndProject
Project("{2150E333-8FDC-42A3-9474-1A3956D46DE8}") = "Лабораторная работа №1", "Лабораторная работа №1", "{F697286F-3AAD-4E16-BC04-06B09CC24284}"
EndProject
Project("{2150E333-8FDC-42A3-9474-1A3956D46DE8}") = "Элементы решения", "Элементы решения", "{D6C7C0CD-2BFA-464C-8E7C-49C503EF44E1}"
	ProjectSection(SolutionItems) = preProject
		C:\Users\koret\Downloads\Лабораторная работа №1.docx = C:\Users\koret\Downloads\Лабораторная работа №1.docx
	EndProjectSection
EndProject
Global
	GlobalSection(SolutionConfigurationPlatforms) = preSolution
		Debug|Any CPU = Debug|Any CPU
		Release|Any CPU = Release|Any CPU
	EndGlobalSection
	GlobalSection(ProjectConfigurationPlatforms) = postSolution
		{9E55FA8E-8D1C-4D02-BC6C-1DEAC51E1267}.Debug|Any CPU.ActiveCfg = Debug|Any CPU
		{9E55FA8E-8D1C-4D02-BC6C-1DEAC51E1267}.Debug|Any CPU.Build.0 = Debug|Any CPU
		{9E55FA8E-8D1C-4D02-BC6C-1DEAC51E1267}.Release|Any CPU.ActiveCfg = Release|Any CPU
		{9E55FA8E-8D1C-4D02-BC6C-1DEAC51E1267}.Release|Any CPU.Build.0 = Release|Any CPU
	EndGlobalSection
	GlobalSection(SolutionProperties) = preSolution
		HideSolutionNode = FALSE
	EndGlobalSection
	GlobalSection(NestedProjects) = preSolution
		{9E55FA8E-8D1C-4D02-BC6C-1DEAC51E1267} = {F697286F-3AAD-4E16-BC04-06B09CC24284}
	EndGlobalSection
	GlobalSection(ExtensibilityGlobals) = postSolution
		SolutionGuid = {3A52350F-18C2-4B5A-B758-99D2114CA827}
	EndGlobalSection
EndGlobal
